
Microsoft Visual Studio Solution File, Format Version 12.00
# Visual Studio Version 17
VisualStudioVersion = 17.0.31903.59
MinimumVisualStudioVersion = 10.0.40219.1
Project("{2150E333-8FDC-42A3-9474-1A3956D46DE8}") = "apps", "apps", "{1787FE1D-075E-9E68-7218-25F1BD1BBEAB}"
EndProject
Project("{2150E333-8FDC-42A3-9474-1A3956D46DE8}") = "api", "api", "{BC2D172B-13BC-136C-CDB1-4B1A687208C4}"
EndProject
Project("{FAE04EC0-301F-11D3-BF4B-00C04F79EFBC}") = "Payaffe.Api", "apps\api\Payaffe.Api.csproj", "{B312A61B-2D15-4706-9379-49D64F98ED69}"
EndProject
Project("{2150E333-8FDC-42A3-9474-1A3956D46DE8}") = "migrations", "migrations", "{E5FB90AA-DC96-4140-6308-BDBBB12AB018}"
EndProject
Project("{FAE04EC0-301F-11D3-BF4B-00C04F79EFBC}") = "Payaffe.Migrations", "apps\migrations\Payaffe.Migrations.csproj", "{E1E8272C-CF86-4F2C-A6E0-5F3C42C52973}"
EndProject
Project("{2150E333-8FDC-42A3-9474-1A3956D46DE8}") = "src", "src", "{827E0CD3-B72D-47B6-A68D-7590B98EB39B}"
EndProject
Project("{FAE04EC0-301F-11D3-BF4B-00C04F79EFBC}") = "Payaffe.Domain", "src\Payaffe.Domain\Payaffe.Domain.csproj", "{F68F47CA-3549-4B9D-8E85-A36A78B11817}"
EndProject
Project("{FAE04EC0-301F-11D3-BF4B-00C04F79EFBC}") = "Payaffe.Application", "src\Payaffe.Application\Payaffe.Application.csproj", "{0CD6A4E9-1443-4773-B007-C242AD681E64}"
EndProject
Project("{FAE04EC0-301F-11D3-BF4B-00C04F79EFBC}") = "Payaffe.Infrastructure", "src\Payaffe.Infrastructure\Payaffe.Infrastructure.csproj", "{84871797-C038-40A8-85DA-F19C3838DE69}"
EndProject
Project("{2150E333-8FDC-42A3-9474-1A3956D46DE8}") = "tests", "tests", "{0AB3BF05-4346-4AA6-1389-037BE0695223}"
EndProject
Project("{FAE04EC0-301F-11D3-BF4B-00C04F79EFBC}") = "Payaffe.Domain.Tests", "tests\Payaffe.Domain.Tests\Payaffe.Domain.Tests.csproj", "{D54D752F-73FF-424D-8A38-DD2E7857955F}"
EndProject
Project("{FAE04EC0-301F-11D3-BF4B-00C04F79EFBC}") = "Payaffe.Application.Tests", "tests\Payaffe.Application.Tests\Payaffe.Application.Tests.csproj", "{EDA17957-89FF-4ED0-B015-C8E250BFAF05}"
EndProject
Project("{FAE04EC0-301F-11D3-BF4B-00C04F79EFBC}") = "Payaffe.Api.Tests", "tests\Payaffe.Api.Tests\Payaffe.Api.Tests.csproj", "{0AA271FF-D7BF-4A70-84E2-E65E9AE72D4C}"
EndProject
Project("{FAE04EC0-301F-11D3-BF4B-00C04F79EFBC}") = "Payaffe.Integration.Tests", "tests\Payaffe.Integration.Tests\Payaffe.Integration.Tests.csproj", "{1F2E5F13-9C2F-4EA4-900C-EDA4995D72C6}"
EndProject
Project("{2150E333-8FDC-42A3-9474-1A3956D46DE8}") = "mcp", "mcp", "{6F7C5B68-C61E-5C8B-E686-7DF424150555}"
EndProject
Project("{FAE04EC0-301F-11D3-BF4B-00C04F79EFBC}") = "Payaffe.Mcp", "apps\mcp\Payaffe.Mcp.csproj", "{7A5FC0D0-6C5E-42E0-9876-C20636936705}"
EndProject
Project("{FAE04EC0-301F-11D3-BF4B-00C04F79EFBC}") = "Payaffe.Mcp.Tests", "tests\Payaffe.Mcp.Tests\Payaffe.Mcp.Tests.csproj", "{6F91E1BC-1DEF-45C5-94A1-C3D841481209}"
EndProject
Project("{2150E333-8FDC-42A3-9474-1A3956D46DE8}") = "worker", "worker", "{82AC7ADD-723F-E433-2729-6F05EB21E721}"
EndProject
Project("{FAE04EC0-301F-11D3-BF4B-00C04F79EFBC}") = "Payaffe.Worker", "apps\worker\Payaffe.Worker.csproj", "{9ED9A600-8741-49B1-925E-0A3B9BBB37DE}"
EndProject
Project("{FAE04EC0-301F-11D3-BF4B-00C04F79EFBC}") = "Payaffe.Worker.Tests", "tests\Payaffe.Worker.Tests\Payaffe.Worker.Tests.csproj", "{DFAACB9B-E90F-4857-9BA6-09385B73DBC8}"
EndProject
Global
	GlobalSection(SolutionConfigurationPlatforms) = preSolution
		Debug|Any CPU = Debug|Any CPU
		Debug|x64 = Debug|x64
		Debug|x86 = Debug|x86
		Release|Any CPU = Release|Any CPU
		Release|x64 = Release|x64
		Release|x86 = Release|x86
	EndGlobalSection
	GlobalSection(ProjectConfigurationPlatforms) = postSolution
		{B312A61B-2D15-4706-9379-49D64F98ED69}.Debug|Any CPU.ActiveCfg = Debug|Any CPU
		{B312A61B-2D15-4706-9379-49D64F98ED69}.Debug|Any CPU.Build.0 = Debug|Any CPU
		{B312A61B-2D15-4706-9379-49D64F98ED69}.Debug|x64.ActiveCfg = Debug|Any CPU
		{B312A61B-2D15-4706-9379-49D64F98ED69}.Debug|x64.Build.0 = Debug|Any CPU
		{B312A61B-2D15-4706-9379-49D64F98ED69}.Debug|x86.ActiveCfg = Debug|Any CPU
		{B312A61B-2D15-4706-9379-49D64F98ED69}.Debug|x86.Build.0 = Debug|Any CPU
		{B312A61B-2D15-4706-9379-49D64F98ED69}.Release|Any CPU.ActiveCfg = Release|Any CPU
		{B312A61B-2D15-4706-9379-49D64F98ED69}.Release|Any CPU.Build.0 = Release|Any CPU
		{B312A61B-2D15-4706-9379-49D64F98ED69}.Release|x64.ActiveCfg = Release|Any CPU
		{B312A61B-2D15-4706-9379-49D64F98ED69}.Release|x64.Build.0 = Release|Any CPU
		{B312A61B-2D15-4706-9379-49D64F98ED69}.Release|x86.ActiveCfg = Release|Any CPU
		{B312A61B-2D15-4706-9379-49D64F98ED69}.Release|x86.Build.0 = Release|Any CPU
		{E1E8272C-CF86-4F2C-A6E0-5F3C42C52973}.Debug|Any CPU.ActiveCfg = Debug|Any CPU
		{E1E8272C-CF86-4F2C-A6E0-5F3C42C52973}.Debug|Any CPU.Build.0 = Debug|Any CPU
		{E1E8272C-CF86-4F2C-A6E0-5F3C42C52973}.Debug|x64.ActiveCfg = Debug|Any CPU
		{E1E8272C-CF86-4F2C-A6E0-5F3C42C52973}.Debug|x64.Build.0 = Debug|Any CPU
		{E1E8272C-CF86-4F2C-A6E0-5F3C42C52973}.Debug|x86.ActiveCfg = Debug|Any CPU
		{E1E8272C-CF86-4F2C-A6E0-5F3C42C52973}.Debug|x86.Build.0 = Debug|Any CPU
		{E1E8272C-CF86-4F2C-A6E0-5F3C42C52973}.Release|Any CPU.ActiveCfg = Release|Any CPU
		{E1E8272C-CF86-4F2C-A6E0-5F3C42C52973}.Release|Any CPU.Build.0 = Release|Any CPU
		{E1E8272C-CF86-4F2C-A6E0-5F3C42C52973}.Release|x64.ActiveCfg = Release|Any CPU
		{E1E8272C-CF86-4F2C-A6E0-5F3C42C52973}.Release|x64.Build.0 = Release|Any CPU
		{E1E8272C-CF86-4F2C-A6E0-5F3C42C52973}.Release|x86.ActiveCfg = Release|Any CPU
		{E1E8272C-CF86-4F2C-A6E0-5F3C42C52973}.Release|x86.Build.0 = Release|Any CPU
		{F68F47CA-3549-4B9D-8E85-A36A78B11817}.Debug|Any CPU.ActiveCfg = Debug|Any CPU
		{F68F47CA-3549-4B9D-8E85-A36A78B11817}.Debug|Any CPU.Build.0 = Debug|Any CPU
		{F68F47CA-3549-4B9D-8E85-A36A78B11817}.Debug|x64.ActiveCfg = Debug|Any CPU
		{F68F47CA-3549-4B9D-8E85-A36A78B11817}.Debug|x64.Build.0 = Debug|Any CPU
		{F68F47CA-3549-4B9D-8E85-A36A78B11817}.Debug|x86.ActiveCfg = Debug|Any CPU
		{F68F47CA-3549-4B9D-8E85-A36A78B11817}.Debug|x86.Build.0 = Debug|Any CPU
		{F68F47CA-3549-4B9D-8E85-A36A78B11817}.Release|Any CPU.ActiveCfg = Release|Any CPU
		{F68F47CA-3549-4B9D-8E85-A36A78B11817}.Release|Any CPU.Build.0 = Release|Any CPU
		{F68F47CA-3549-4B9D-8E85-A36A78B11817}.Release|x64.ActiveCfg = Release|Any CPU
		{F68F47CA-3549-4B9D-8E85-A36A78B11817}.Release|x64.Build.0 = Release|Any CPU
		{F68F47CA-3549-4B9D-8E85-A36A78B11817}.Release|x86.ActiveCfg = Release|Any CPU
		{F68F47CA-3549-4B9D-8E85-A36A78B11817}.Release|x86.Build.0 = Release|Any CPU
		{0CD6A4E9-1443-4773-B007-C242AD681E64}.Debug|Any CPU.ActiveCfg = Debug|Any CPU
		{0CD6A4E9-1443-4773-B007-C242AD681E64}.Debug|Any CPU.Build.0 = Debug|Any CPU
		{0CD6A4E9-1443-4773-B007-C242AD681E64}.Debug|x64.ActiveCfg = Debug|Any CPU
		{0CD6A4E9-1443-4773-B007-C242AD681E64}.Debug|x64.Build.0 = Debug|Any CPU
		{0CD6A4E9-1443-4773-B007-C242AD681E64}.Debug|x86.ActiveCfg = Debug|Any CPU
		{0CD6A4E9-1443-4773-B007-C242AD681E64}.Debug|x86.Build.0 = Debug|Any CPU
		{0CD6A4E9-1443-4773-B007-C242AD681E64}.Release|Any CPU.ActiveCfg = Release|Any CPU
		{0CD6A4E9-1443-4773-B007-C242AD681E64}.Release|Any CPU.Build.0 = Release|Any CPU
		{0CD6A4E9-1443-4773-B007-C242AD681E64}.Release|x64.ActiveCfg = Release|Any CPU
		{0CD6A4E9-1443-4773-B007-C242AD681E64}.Release|x64.Build.0 = Release|Any CPU
		{0CD6A4E9-1443-4773-B007-C242AD681E64}.Release|x86.ActiveCfg = Release|Any CPU
		{0CD6A4E9-1443-4773-B007-C242AD681E64}.Release|x86.Build.0 = Release|Any CPU
		{84871797-C038-40A8-85DA-F19C3838DE69}.Debug|Any CPU.ActiveCfg = Debug|Any CPU
		{84871797-C038-40A8-85DA-F19C3838DE69}.Debug|Any CPU.Build.0 = Debug|Any CPU
		{84871797-C038-40A8-85DA-F19C3838DE69}.Debug|x64.ActiveCfg = Debug|Any CPU
		{84871797-C038-40A8-85DA-F19C3838DE69}.Debug|x64.Build.0 = Debug|Any CPU
		{84871797-C038-40A8-85DA-F19C3838DE69}.Debug|x86.ActiveCfg = Debug|Any CPU
		{84871797-C038-40A8-85DA-F19C3838DE69}.Debug|x86.Build.0 = Debug|Any CPU
		{84871797-C038-40A8-85DA-F19C3838DE69}.Release|Any CPU.ActiveCfg = Release|Any CPU
		{84871797-C038-40A8-85DA-F19C3838DE69}.Release|Any CPU.Build.0 = Release|Any CPU
		{84871797-C038-40A8-85DA-F19C3838DE69}.Release|x64.ActiveCfg = Release|Any CPU
		{84871797-C038-40A8-85DA-F19C3838DE69}.Release|x64.Build.0 = Release|Any CPU
		{84871797-C038-40A8-85DA-F19C3838DE69}.Release|x86.ActiveCfg = Release|Any CPU
		{84871797-C038-40A8-85DA-F19C3838DE69}.Release|x86.Build.0 = Release|Any CPU
		{D54D752F-73FF-424D-8A38-DD2E7857955F}.Debug|Any CPU.ActiveCfg = Debug|Any CPU
		{D54D752F-73FF-424D-8A38-DD2E7857955F}.Debug|Any CPU.Build.0 = Debug|Any CPU
		{D54D752F-73FF-424D-8A38-DD2E7857955F}.Debug|x64.ActiveCfg = Debug|Any CPU
		{D54D752F-73FF-424D-8A38-DD2E7857955F}.Debug|x64.Build.0 = Debug|Any CPU
		{D54D752F-73FF-424D-8A38-DD2E7857955F}.Debug|x86.ActiveCfg = Debug|Any CPU
		{D54D752F-73FF-424D-8A38-DD2E7857955F}.Debug|x86.Build.0 = Debug|Any CPU
		{D54D752F-73FF-424D-8A38-DD2E7857955F}.Release|Any CPU.ActiveCfg = Release|Any CPU
		{D54D752F-73FF-424D-8A38-DD2E7857955F}.Release|Any CPU.Build.0 = Release|Any CPU
		{D54D752F-73FF-424D-8A38-DD2E7857955F}.Release|x64.ActiveCfg = Release|Any CPU
		{D54D752F-73FF-424D-8A38-DD2E7857955F}.Release|x64.Build.0 = Release|Any CPU
		{D54D752F-73FF-424D-8A38-DD2E7857955F}.Release|x86.ActiveCfg = Release|Any CPU
		{D54D752F-73FF-424D-8A38-DD2E7857955F}.Release|x86.Build.0 = Release|Any CPU
		{EDA17957-89FF-4ED0-B015-C8E250BFAF05}.Debug|Any CPU.ActiveCfg = Debug|Any CPU
		{EDA17957-89FF-4ED0-B015-C8E250BFAF05}.Debug|Any CPU.Build.0 = Debug|Any CPU
		{EDA17957-89FF-4ED0-B015-C8E250BFAF05}.Debug|x64.ActiveCfg = Debug|Any CPU
		{EDA17957-89FF-4ED0-B015-C8E250BFAF05}.Debug|x64.Build.0 = Debug|Any CPU
		{EDA17957-89FF-4ED0-B015-C8E250BFAF05}.Debug|x86.ActiveCfg = Debug|Any CPU
		{EDA17957-89FF-4ED0-B015-C8E250BFAF05}.Debug|x86.Build.0 = Debug|Any CPU
		{EDA17957-89FF-4ED0-B015-C8E250BFAF05}.Release|Any CPU.ActiveCfg = Release|Any CPU
		{EDA17957-89FF-4ED0-B015-C8E250BFAF05}.Release|Any CPU.Build.0 = Release|Any CPU
		{EDA17957-89FF-4ED0-B015-C8E250BFAF05}.Release|x64.ActiveCfg = Release|Any CPU
		{EDA17957-89FF-4ED0-B015-C8E250BFAF05}.Release|x64.Build.0 = Release|Any CPU
		{EDA17957-89FF-4ED0-B015-C8E250BFAF05}.Release|x86.ActiveCfg = Release|Any CPU
		{EDA17957-89FF-4ED0-B015-C8E250BFAF05}.Release|x86.Build.0 = Release|Any CPU
		{0AA271FF-D7BF-4A70-84E2-E65E9AE72D4C}.Debug|Any CPU.ActiveCfg = Debug|Any CPU
		{0AA271FF-D7BF-4A70-84E2-E65E9AE72D4C}.Debug|Any CPU.Build.0 = Debug|Any CPU
		{0AA271FF-D7BF-4A70-84E2-E65E9AE72D4C}.Debug|x64.ActiveCfg = Debug|Any CPU
		{0AA271FF-D7BF-4A70-84E2-E65E9AE72D4C}.Debug|x64.Build.0 = Debug|Any CPU
		{0AA271FF-D7BF-4A70-84E2-E65E9AE72D4C}.Debug|x86.ActiveCfg = Debug|Any CPU
		{0AA271FF-D7BF-4A70-84E2-E65E9AE72D4C}.Debug|x86.Build.0 = Debug|Any CPU
		{0AA271FF-D7BF-4A70-84E2-E65E9AE72D4C}.Release|Any CPU.ActiveCfg = Release|Any CPU
		{0AA271FF-D7BF-4A70-84E2-E65E9AE72D4C}.Release|Any CPU.Build.0 = Release|Any CPU
		{0AA271FF-D7BF-4A70-84E2-E65E9AE72D4C}.Release|x64.ActiveCfg = Release|Any CPU
		{0AA271FF-D7BF-4A70-84E2-E65E9AE72D4C}.Release|x64.Build.0 = Release|Any CPU
		{0AA271FF-D7BF-4A70-84E2-E65E9AE72D4C}.Release|x86.ActiveCfg = Release|Any CPU
		{0AA271FF-D7BF-4A70-84E2-E65E9AE72D4C}.Release|x86.Build.0 = Release|Any CPU
		{1F2E5F13-9C2F-4EA4-900C-EDA4995D72C6}.Debug|Any CPU.ActiveCfg = Debug|Any CPU
		{1F2E5F13-9C2F-4EA4-900C-EDA4995D72C6}.Debug|Any CPU.Build.0 = Debug|Any CPU
		{1F2E5F13-9C2F-4EA4-900C-EDA4995D72C6}.Debug|x64.ActiveCfg = Debug|Any CPU
		{1F2E5F13-9C2F-4EA4-900C-EDA4995D72C6}.Debug|x64.Build.0 = Debug|Any CPU
		{1F2E5F13-9C2F-4EA4-900C-EDA4995D72C6}.Debug|x86.ActiveCfg = Debug|Any CPU
		{1F2E5F13-9C2F-4EA4-900C-EDA4995D72C6}.Debug|x86.Build.0 = Debug|Any CPU
		{1F2E5F13-9C2F-4EA4-900C-EDA4995D72C6}.Release|Any CPU.ActiveCfg = Release|Any CPU
		{1F2E5F13-9C2F-4EA4-900C-EDA4995D72C6}.Release|Any CPU.Build.0 = Release|Any CPU
		{1F2E5F13-9C2F-4EA4-900C-EDA4995D72C6}.Release|x64.ActiveCfg = Release|Any CPU
		{1F2E5F13-9C2F-4EA4-900C-EDA4995D72C6}.Release|x64.Build.0 = Release|Any CPU
		{1F2E5F13-9C2F-4EA4-900C-EDA4995D72C6}.Release|x86.ActiveCfg = Release|Any CPU
		{1F2E5F13-9C2F-4EA4-900C-EDA4995D72C6}.Release|x86.Build.0 = Release|Any CPU
		{7A5FC0D0-6C5E-42E0-9876-C20636936705}.Debug|Any CPU.ActiveCfg = Debug|Any CPU
		{7A5FC0D0-6C5E-42E0-9876-C20636936705}.Debug|Any CPU.Build.0 = Debug|Any CPU
		{7A5FC0D0-6C5E-42E0-9876-C20636936705}.Debug|x64.ActiveCfg = Debug|Any CPU
		{7A5FC0D0-6C5E-42E0-9876-C20636936705}.Debug|x64.Build.0 = Debug|Any CPU
		{7A5FC0D0-6C5E-42E0-9876-C20636936705}.Debug|x86.ActiveCfg = Debug|Any CPU
		{7A5FC0D0-6C5E-42E0-9876-C20636936705}.Debug|x86.Build.0 = Debug|Any CPU
		{7A5FC0D0-6C5E-42E0-9876-C20636936705}.Release|Any CPU.ActiveCfg = Release|Any CPU
		{7A5FC0D0-6C5E-42E0-9876-C20636936705}.Release|Any CPU.Build.0 = Release|Any CPU
		{7A5FC0D0-6C5E-42E0-9876-C20636936705}.Release|x64.ActiveCfg = Release|Any CPU
		{7A5FC0D0-6C5E-42E0-9876-C20636936705}.Release|x64.Build.0 = Release|Any CPU
		{7A5FC0D0-6C5E-42E0-9876-C20636936705}.Release|x86.ActiveCfg = Release|Any CPU
		{7A5FC0D0-6C5E-42E0-9876-C20636936705}.Release|x86.Build.0 = Release|Any CPU
		{6F91E1BC-1DEF-45C5-94A1-C3D841481209}.Debug|Any CPU.ActiveCfg = Debug|Any CPU
		{6F91E1BC-1DEF-45C5-94A1-C3D841481209}.Debug|Any CPU.Build.0 = Debug|Any CPU
		{6F91E1BC-1DEF-45C5-94A1-C3D841481209}.Debug|x64.ActiveCfg = Debug|Any CPU
		{6F91E1BC-1DEF-45C5-94A1-C3D841481209}.Debug|x64.Build.0 = Debug|Any CPU
		{6F91E1BC-1DEF-45C5-94A1-C3D841481209}.Debug|x86.ActiveCfg = Debug|Any CPU
		{6F91E1BC-1DEF-45C5-94A1-C3D841481209}.Debug|x86.Build.0 = Debug|Any CPU
		{6F91E1BC-1DEF-45C5-94A1-C3D841481209}.Release|Any CPU.ActiveCfg = Release|Any CPU
		{6F91E1BC-1DEF-45C5-94A1-C3D841481209}.Release|Any CPU.Build.0 = Release|Any CPU
		{6F91E1BC-1DEF-45C5-94A1-C3D841481209}.Release|x64.ActiveCfg = Release|Any CPU
		{6F91E1BC-1DEF-45C5-94A1-C3D841481209}.Release|x64.Build.0 = Release|Any CPU
		{6F91E1BC-1DEF-45C5-94A1-C3D841481209}.Release|x86.ActiveCfg = Release|Any CPU
		{6F91E1BC-1DEF-45C5-94A1-C3D841481209}.Release|x86.Build.0 = Release|Any CPU
		{9ED9A600-8741-49B1-925E-0A3B9BBB37DE}.Debug|Any CPU.ActiveCfg = Debug|Any CPU
		{9ED9A600-8741-49B1-925E-0A3B9BBB37DE}.Debug|Any CPU.Build.0 = Debug|Any CPU
		{9ED9A600-8741-49B1-925E-0A3B9BBB37DE}.Debug|x64.ActiveCfg = Debug|Any CPU
		{9ED9A600-8741-49B1-925E-0A3B9BBB37DE}.Debug|x64.Build.0 = Debug|Any CPU
		{9ED9A600-8741-49B1-925E-0A3B9BBB37DE}.Debug|x86.ActiveCfg = Debug|Any CPU
		{9ED9A600-8741-49B1-925E-0A3B9BBB37DE}.Debug|x86.Build.0 = Debug|Any CPU
		{9ED9A600-8741-49B1-925E-0A3B9BBB37DE}.Release|Any CPU.ActiveCfg = Release|Any CPU
		{9ED9A600-8741-49B1-925E-0A3B9BBB37DE}.Release|Any CPU.Build.0 = Release|Any CPU
		{9ED9A600-8741-49B1-925E-0A3B9BBB37DE}.Release|x64.ActiveCfg = Release|Any CPU
		{9ED9A600-8741-49B1-925E-0A3B9BBB37DE}.Release|x64.Build.0 = Release|Any CPU
		{9ED9A600-8741-49B1-925E-0A3B9BBB37DE}.Release|x86.ActiveCfg = Release|Any CPU
		{9ED9A600-8741-49B1-925E-0A3B9BBB37DE}.Release|x86.Build.0 = Release|Any CPU
		{DFAACB9B-E90F-4857-9BA6-09385B73DBC8}.Debug|Any CPU.ActiveCfg = Debug|Any CPU
		{DFAACB9B-E90F-4857-9BA6-09385B73DBC8}.Debug|Any CPU.Build.0 = Debug|Any CPU
		{DFAACB9B-E90F-4857-9BA6-09385B73DBC8}.Debug|x64.ActiveCfg = Debug|Any CPU
		{DFAACB9B-E90F-4857-9BA6-09385B73DBC8}.Debug|x64.Build.0 = Debug|Any CPU
		{DFAACB9B-E90F-4857-9BA6-09385B73DBC8}.Debug|x86.ActiveCfg = Debug|Any CPU
		{DFAACB9B-E90F-4857-9BA6-09385B73DBC8}.Debug|x86.Build.0 = Debug|Any CPU
		{DFAACB9B-E90F-4857-9BA6-09385B73DBC8}.Release|Any CPU.ActiveCfg = Release|Any CPU
		{DFAACB9B-E90F-4857-9BA6-09385B73DBC8}.Release|Any CPU.Build.0 = Release|Any CPU
		{DFAACB9B-E90F-4857-9BA6-09385B73DBC8}.Release|x64.ActiveCfg = Release|Any CPU
		{DFAACB9B-E90F-4857-9BA6-09385B73DBC8}.Release|x64.Build.0 = Release|Any CPU
		{DFAACB9B-E90F-4857-9BA6-09385B73DBC8}.Release|x86.ActiveCfg = Release|Any CPU
		{DFAACB9B-E90F-4857-9BA6-09385B73DBC8}.Release|x86.Build.0 = Release|Any CPU
	EndGlobalSection
	GlobalSection(SolutionProperties) = preSolution
		HideSolutionNode = FALSE
	EndGlobalSection
	GlobalSection(NestedProjects) = preSolution
		{BC2D172B-13BC-136C-CDB1-4B1A687208C4} = {1787FE1D-075E-9E68-7218-25F1BD1BBEAB}
		{B312A61B-2D15-4706-9379-49D64F98ED69} = {BC2D172B-13BC-136C-CDB1-4B1A687208C4}
		{E5FB90AA-DC96-4140-6308-BDBBB12AB018} = {1787FE1D-075E-9E68-7218-25F1BD1BBEAB}
		{E1E8272C-CF86-4F2C-A6E0-5F3C42C52973} = {E5FB90AA-DC96-4140-6308-BDBBB12AB018}
		{F68F47CA-3549-4B9D-8E85-A36A78B11817} = {827E0CD3-B72D-47B6-A68D-7590B98EB39B}
		{0CD6A4E9-1443-4773-B007-C242AD681E64} = {827E0CD3-B72D-47B6-A68D-7590B98EB39B}
		{84871797-C038-40A8-85DA-F19C3838DE69} = {827E0CD3-B72D-47B6-A68D-7590B98EB39B}
		{D54D752F-73FF-424D-8A38-DD2E7857955F} = {0AB3BF05-4346-4AA6-1389-037BE0695223}
		{EDA17957-89FF-4ED0-B015-C8E250BFAF05} = {0AB3BF05-4346-4AA6-1389-037BE0695223}
		{0AA271FF-D7BF-4A70-84E2-E65E9AE72D4C} = {0AB3BF05-4346-4AA6-1389-037BE0695223}
		{1F2E5F13-9C2F-4EA4-900C-EDA4995D72C6} = {0AB3BF05-4346-4AA6-1389-037BE0695223}
		{6F7C5B68-C61E-5C8B-E686-7DF424150555} = {1787FE1D-075E-9E68-7218-25F1BD1BBEAB}
		{7A5FC0D0-6C5E-42E0-9876-C20636936705} = {6F7C5B68-C61E-5C8B-E686-7DF424150555}
		{6F91E1BC-1DEF-45C5-94A1-C3D841481209} = {0AB3BF05-4346-4AA6-1389-037BE0695223}
		{82AC7ADD-723F-E433-2729-6F05EB21E721} = {1787FE1D-075E-9E68-7218-25F1BD1BBEAB}
		{9ED9A600-8741-49B1-925E-0A3B9BBB37DE} = {82AC7ADD-723F-E433-2729-6F05EB21E721}
		{DFAACB9B-E90F-4857-9BA6-09385B73DBC8} = {0AB3BF05-4346-4AA6-1389-037BE0695223}
	EndGlobalSection
EndGlobal
