<Solution>
  <Configurations>
    <Platform Name="Any CPU" />
    <Platform Name="x64" />
    <Platform Name="x86" />
  </Configurations>
  <Folder Name="/apps/" />
  <Folder Name="/apps/api/">
    <Project Path="apps/api/Payaffe.Api.csproj" />
  </Folder>
  <Folder Name="/apps/mcp/">
    <Project Path="apps/mcp/Payaffe.Mcp.csproj" />
  </Folder>
  <Folder Name="/apps/migrations/">
    <Project Path="apps/migrations/Payaffe.Migrations.csproj" />
  </Folder>
  <Folder Name="/apps/worker/">
    <Project Path="apps/worker/Payaffe.Worker.csproj" />
  </Folder>
  <Folder Name="/samples/">
    <Project Path="samples/EmbeddedShop/EmbeddedShop.csproj" />
    <Project Path="samples/EmbeddedShop.Tests/EmbeddedShop.Tests.csproj" />
  </Folder>
  <Folder Name="/src/">
    <Project Path="src/Payaffe.Application/Payaffe.Application.csproj" />
    <Project Path="src/Payaffe.Domain/Payaffe.Domain.csproj" />
    <Project Path="src/Payaffe.Infrastructure/Payaffe.Infrastructure.csproj" />
    <Project Path="src/Payaffe.Sdk/Payaffe.Sdk.csproj" />
  </Folder>
  <Folder Name="/tests/">
    <Project Path="tests/Payaffe.Api.Tests/Payaffe.Api.Tests.csproj" />
    <Project Path="tests/Payaffe.Application.Tests/Payaffe.Application.Tests.csproj" />
    <Project Path="tests/Payaffe.Domain.Tests/Payaffe.Domain.Tests.csproj" />
    <Project Path="tests/Payaffe.Integration.Tests/Payaffe.Integration.Tests.csproj" />
    <Project Path="tests/Payaffe.Mcp.Tests/Payaffe.Mcp.Tests.csproj" />
    <Project Path="tests/Payaffe.Sdk.Tests/Payaffe.Sdk.Tests.csproj" />
    <Project Path="tests/Payaffe.Worker.Tests/Payaffe.Worker.Tests.csproj" />
  </Folder>
</Solution>
